// !$*UTF8*$!
{
	archiveVersion = 1;
	classes = {
	};
	objectVersion = 56;
	objects = {

/* Begin PBXBuildFile section */
		3A38D0432C74D38400D28C5E /* SwiftUIChatFirestoreApp.swift in Sources */ = {isa = PBXBuildFile; fileRef = 3A38D0422C74D38400D28C5E /* SwiftUIChatFirestoreApp.swift */; };
		3A38D0452C74D38400D28C5E /* ContentView.swift in Sources */ = {isa = PBXBuildFile; fileRef = 3A38D0442C74D38400D28C5E /* ContentView.swift */; };
		3A38D0472C74D38600D28C5E /* Assets.xcassets in Resources */ = {isa = PBXBuildFile; fileRef = 3A38D0462C74D38600D28C5E /* Assets.xcassets */; };
		3A38D04A2C74D38600D28C5E /* Preview Assets.xcassets in Resources */ = {isa = PBXBuildFile; fileRef = 3A38D0492C74D38600D28C5E /* Preview Assets.xcassets */; };
		3A38D0562C74D47800D28C5E /* LoginView.swift in Sources */ = {isa = PBXBuildFile; fileRef = 3A38D0552C74D47800D28C5E /* LoginView.swift */; };
		3A38D0582C74D48D00D28C5E /* RegistrationView.swift in Sources */ = {isa = PBXBuildFile; fileRef = 3A38D0572C74D48D00D28C5E /* RegistrationView.swift */; };
		3A38D05B2C74E7DF00D28C5E /* CustomTextField.swift in Sources */ = {isa = PBXBuildFile; fileRef = 3A38D05A2C74E7DF00D28C5E /* CustomTextField.swift */; };
		3A8D8EF22C7611EF005B4858 /* MainTabView.swift in Sources */ = {isa = PBXBuildFile; fileRef = 3A8D8EF12C7611EF005B4858 /* MainTabView.swift */; };
		3A8D8EF62C76137B005B4858 /* ChannelsView.swift in Sources */ = {isa = PBXBuildFile; fileRef = 3A8D8EF52C76137B005B4858 /* ChannelsView.swift */; };
		3A8D8EF82C76139E005B4858 /* SettingsView.swift in Sources */ = {isa = PBXBuildFile; fileRef = 3A8D8EF72C76139E005B4858 /* SettingsView.swift */; };
		3A8D8EFA2C7613B4005B4858 /* ChatsView.swift in Sources */ = {isa = PBXBuildFile; fileRef = 3A8D8EF92C7613B4005B4858 /* ChatsView.swift */; };
		3A8D8EFD2C7613F0005B4858 /* ConversationsView.swift in Sources */ = {isa = PBXBuildFile; fileRef = 3A8D8EFC2C7613F0005B4858 /* ConversationsView.swift */; };
		3A8D8EFF2C761F23005B4858 /* SettingsHeaderView.swift in Sources */ = {isa = PBXBuildFile; fileRef = 3A8D8EFE2C761F23005B4858 /* SettingsHeaderView.swift */; };
		3A8D8F012C761FF6005B4858 /* SettingsCell.swift in Sources */ = {isa = PBXBuildFile; fileRef = 3A8D8F002C761FF6005B4858 /* SettingsCell.swift */; };
		3A8D8F042C7625F8005B4858 /* SettingsCellViewModel.swift in Sources */ = {isa = PBXBuildFile; fileRef = 3A8D8F032C7625F8005B4858 /* SettingsCellViewModel.swift */; };
		3ACB818B2C7947BC008E578F /* EditProfileView.swift in Sources */ = {isa = PBXBuildFile; fileRef = 3ACB818A2C7947BC008E578F /* EditProfileView.swift */; };
		3AD366592CC2DFF800287EEA /* StatusSelectorView.swift in Sources */ = {isa = PBXBuildFile; fileRef = 3AD366582CC2DFD900287EEA /* StatusSelectorView.swift */; };
		3AD3665B2CC2E9A200287EEA /* StatusViewModel.swift in Sources */ = {isa = PBXBuildFile; fileRef = 3AD3665A2CC2E9A200287EEA /* StatusViewModel.swift */; };
/* End PBXBuildFile section */

/* Begin PBXFileReference section */
		3A38D03F2C74D38400D28C5E /* SwiftUIChatFirestore.app */ = {isa = PBXFileReference; explicitFileType = wrapper.application; includeInIndex = 0; path = SwiftUIChatFirestore.app; sourceTree = BUILT_PRODUCTS_DIR; };
		3A38D0422C74D38400D28C5E /* SwiftUIChatFirestoreApp.swift */ = {isa = PBXFileReference; lastKnownFileType = sourcecode.swift; path = SwiftUIChatFirestoreApp.swift; sourceTree = "<group>"; };
		3A38D0442C74D38400D28C5E /* ContentView.swift */ = {isa = PBXFileReference; lastKnownFileType = sourcecode.swift; path = ContentView.swift; sourceTree = "<group>"; };
		3A38D0462C74D38600D28C5E /* Assets.xcassets */ = {isa = PBXFileReference; lastKnownFileType = folder.assetcatalog; path = Assets.xcassets; sourceTree = "<group>"; };
		3A38D0492C74D38600D28C5E /* Preview Assets.xcassets */ = {isa = PBXFileReference; lastKnownFileType = folder.assetcatalog; path = "Preview Assets.xcassets"; sourceTree = "<group>"; };
		3A38D0552C74D47800D28C5E /* LoginView.swift */ = {isa = PBXFileReference; lastKnownFileType = sourcecode.swift; path = LoginView.swift; sourceTree = "<group>"; };
		3A38D0572C74D48D00D28C5E /* RegistrationView.swift */ = {isa = PBXFileReference; lastKnownFileType = sourcecode.swift; path = RegistrationView.swift; sourceTree = "<group>"; };
		3A38D05A2C74E7DF00D28C5E /* CustomTextField.swift */ = {isa = PBXFileReference; lastKnownFileType = sourcecode.swift; path = CustomTextField.swift; sourceTree = "<group>"; };
		3A8D8EF12C7611EF005B4858 /* MainTabView.swift */ = {isa = PBXFileReference; lastKnownFileType = sourcecode.swift; path = MainTabView.swift; sourceTree = "<group>"; };
		3A8D8EF52C76137B005B4858 /* ChannelsView.swift */ = {isa = PBXFileReference; lastKnownFileType = sourcecode.swift; path = ChannelsView.swift; sourceTree = "<group>"; };
		3A8D8EF72C76139E005B4858 /* SettingsView.swift */ = {isa = PBXFileReference; lastKnownFileType = sourcecode.swift; path = SettingsView.swift; sourceTree = "<group>"; };
		3A8D8EF92C7613B4005B4858 /* ChatsView.swift */ = {isa = PBXFileReference; lastKnownFileType = sourcecode.swift; path = ChatsView.swift; sourceTree = "<group>"; };
		3A8D8EFC2C7613F0005B4858 /* ConversationsView.swift */ = {isa = PBXFileReference; lastKnownFileType = sourcecode.swift; path = ConversationsView.swift; sourceTree = "<group>"; };
		3A8D8EFE2C761F23005B4858 /* SettingsHeaderView.swift */ = {isa = PBXFileReference; lastKnownFileType = sourcecode.swift; path = SettingsHeaderView.swift; sourceTree = "<group>"; };
		3A8D8F002C761FF6005B4858 /* SettingsCell.swift */ = {isa = PBXFileReference; lastKnownFileType = sourcecode.swift; path = SettingsCell.swift; sourceTree = "<group>"; };
		3A8D8F032C7625F8005B4858 /* SettingsCellViewModel.swift */ = {isa = PBXFileReference; lastKnownFileType = sourcecode.swift; path = SettingsCellViewModel.swift; sourceTree = "<group>"; };
		3ACB818A2C7947BC008E578F /* EditProfileView.swift */ = {isa = PBXFileReference; lastKnownFileType = sourcecode.swift; path = EditProfileView.swift; sourceTree = "<group>"; };
		3AD366582CC2DFD900287EEA /* StatusSelectorView.swift */ = {isa = PBXFileReference; lastKnownFileType = sourcecode.swift; path = StatusSelectorView.swift; sourceTree = "<group>"; };
		3AD3665A2CC2E9A200287EEA /* StatusViewModel.swift */ = {isa = PBXFileReference; lastKnownFileType = sourcecode.swift; path = StatusViewModel.swift; sourceTree = "<group>"; };
/* End PBXFileReference section */

/* Begin PBXFrameworksBuildPhase section */
		3A38D03C2C74D38400D28C5E /* Frameworks */ = {
			isa = PBXFrameworksBuildPhase;
			buildActionMask = 2147483647;
			files = (
			);
			runOnlyForDeploymentPostprocessing = 0;
		};
/* End PBXFrameworksBuildPhase section */

/* Begin PBXGroup section */
		3A38D0362C74D38400D28C5E = {
			isa = PBXGroup;
			children = (
				3A38D0412C74D38400D28C5E /* SwiftUIChatFirestore */,
				3A38D0402C74D38400D28C5E /* Products */,
			);
			sourceTree = "<group>";
		};
		3A38D0402C74D38400D28C5E /* Products */ = {
			isa = PBXGroup;
			children = (
				3A38D03F2C74D38400D28C5E /* SwiftUIChatFirestore.app */,
			);
			name = Products;
			sourceTree = "<group>";
		};
		3A38D0412C74D38400D28C5E /* SwiftUIChatFirestore */ = {
			isa = PBXGroup;
			children = (
				3A38D0542C74D42A00D28C5E /* Utils */,
				3A38D0532C74D41D00D28C5E /* View */,
				3A38D0522C74D40700D28C5E /* ViewModel */,
				3A38D0512C74D3F400D28C5E /* API */,
				3A38D0502C74D3E600D28C5E /* Model */,
				3A38D0422C74D38400D28C5E /* SwiftUIChatFirestoreApp.swift */,
				3A38D0442C74D38400D28C5E /* ContentView.swift */,
				3A38D0462C74D38600D28C5E /* Assets.xcassets */,
				3A38D0482C74D38600D28C5E /* Preview Content */,
			);
			path = SwiftUIChatFirestore;
			sourceTree = "<group>";
		};
		3A38D0482C74D38600D28C5E /* Preview Content */ = {
			isa = PBXGroup;
			children = (
				3A38D0492C74D38600D28C5E /* Preview Assets.xcassets */,
			);
			path = "Preview Content";
			sourceTree = "<group>";
		};
		3A38D0502C74D3E600D28C5E /* Model */ = {
			isa = PBXGroup;
			children = (
			);
			path = Model;
			sourceTree = "<group>";
		};
		3A38D0512C74D3F400D28C5E /* API */ = {
			isa = PBXGroup;
			children = (
			);
			path = API;
			sourceTree = "<group>";
		};
		3A38D0522C74D40700D28C5E /* ViewModel */ = {
			isa = PBXGroup;
			children = (
				3A8D8F022C7625E3005B4858 /* New Group */,
				3A8D8F032C7625F8005B4858 /* SettingsCellViewModel.swift */,
				3AD3665A2CC2E9A200287EEA /* StatusViewModel.swift */,
			);
			path = ViewModel;
			sourceTree = "<group>";
		};
		3A38D0532C74D41D00D28C5E /* View */ = {
			isa = PBXGroup;
			children = (
				3A8D8EFB2C7613CE005B4858 /* Conversations */,
				3A8D8EF42C761357005B4858 /* Chats */,
				3A8D8EF02C7611D1005B4858 /* Settings */,
				3A8D8EF32C761317005B4858 /* Channels */,
				3A8D8EEF2C7611C8005B4858 /* Main */,
				3A38D0592C74D49500D28C5E /* Authentication */,
			);
			path = View;
			sourceTree = "<group>";
		};
		3A38D0542C74D42A00D28C5E /* Utils */ = {
			isa = PBXGroup;
			children = (
				3A38D05A2C74E7DF00D28C5E /* CustomTextField.swift */,
			);
			path = Utils;
			sourceTree = "<group>";
		};
		3A38D0592C74D49500D28C5E /* Authentication */ = {
			isa = PBXGroup;
			children = (
				3A38D0552C74D47800D28C5E /* LoginView.swift */,
				3A38D0572C74D48D00D28C5E /* RegistrationView.swift */,
			);
			path = Authentication;
			sourceTree = "<group>";
		};
		3A8D8EEF2C7611C8005B4858 /* Main */ = {
			isa = PBXGroup;
			children = (
				3A8D8EF12C7611EF005B4858 /* MainTabView.swift */,
			);
			path = Main;
			sourceTree = "<group>";
		};
		3A8D8EF02C7611D1005B4858 /* Settings */ = {
			isa = PBXGroup;
			children = (
				3AD366582CC2DFD900287EEA /* StatusSelectorView.swift */,
				3A8D8EF72C76139E005B4858 /* SettingsView.swift */,
				3A8D8EFE2C761F23005B4858 /* SettingsHeaderView.swift */,
				3A8D8F002C761FF6005B4858 /* SettingsCell.swift */,
				3ACB818A2C7947BC008E578F /* EditProfileView.swift */,
			);
			path = Settings;
			sourceTree = "<group>";
		};
		3A8D8EF32C761317005B4858 /* Channels */ = {
			isa = PBXGroup;
			children = (
				3A8D8EF52C76137B005B4858 /* ChannelsView.swift */,
			);
			path = Channels;
			sourceTree = "<group>";
		};
		3A8D8EF42C761357005B4858 /* Chats */ = {
			isa = PBXGroup;
			children = (
				3A8D8EF92C7613B4005B4858 /* ChatsView.swift */,
			);
			path = Chats;
			sourceTree = "<group>";
		};
		3A8D8EFB2C7613CE005B4858 /* Conversations */ = {
			isa = PBXGroup;
			children = (
				3A8D8EFC2C7613F0005B4858 /* ConversationsView.swift */,
			);
			path = Conversations;
			sourceTree = "<group>";
		};
		3A8D8F022C7625E3005B4858 /* New Group */ = {
			isa = PBXGroup;
			children = (
			);
			path = "New Group";
			sourceTree = "<group>";
		};
/* End PBXGroup section */

/* Begin PBXNativeTarget section */
		3A38D03E2C74D38400D28C5E /* SwiftUIChatFirestore */ = {
			isa = PBXNativeTarget;
			buildConfigurationList = 3A38D04D2C74D38600D28C5E /* Build configuration list for PBXNativeTarget "SwiftUIChatFirestore" */;
			buildPhases = (
				3A38D03B2C74D38400D28C5E /* Sources */,
				3A38D03C2C74D38400D28C5E /* Frameworks */,
				3A38D03D2C74D38400D28C5E /* Resources */,
			);
			buildRules = (
			);
			dependencies = (
			);
			name = SwiftUIChatFirestore;
			productName = SwiftUIChatFirestore;
			productReference = 3A38D03F2C74D38400D28C5E /* SwiftUIChatFirestore.app */;
			productType = "com.apple.product-type.application";
		};
/* End PBXNativeTarget section */

/* Begin PBXProject section */
		3A38D0372C74D38400D28C5E /* Project object */ = {
			isa = PBXProject;
			attributes = {
				BuildIndependentTargetsInParallel = 1;
				LastSwiftUpdateCheck = 1540;
				LastUpgradeCheck = 1540;
				TargetAttributes = {
					3A38D03E2C74D38400D28C5E = {
						CreatedOnToolsVersion = 15.4;
					};
				};
			};
			buildConfigurationList = 3A38D03A2C74D38400D28C5E /* Build configuration list for PBXProject "SwiftUIChatFirestore" */;
			compatibilityVersion = "Xcode 14.0";
			developmentRegion = en;
			hasScannedForEncodings = 0;
			knownRegions = (
				en,
				Base,
			);
			mainGroup = 3A38D0362C74D38400D28C5E;
			productRefGroup = 3A38D0402C74D38400D28C5E /* Products */;
			projectDirPath = "";
			projectRoot = "";
			targets = (
				3A38D03E2C74D38400D28C5E /* SwiftUIChatFirestore */,
			);
		};
/* End PBXProject section */

/* Begin PBXResourcesBuildPhase section */
		3A38D03D2C74D38400D28C5E /* Resources */ = {
			isa = PBXResourcesBuildPhase;
			buildActionMask = 2147483647;
			files = (
				3A38D04A2C74D38600D28C5E /* Preview Assets.xcassets in Resources */,
				3A38D0472C74D38600D28C5E /* Assets.xcassets in Resources */,
			);
			runOnlyForDeploymentPostprocessing = 0;
		};
/* End PBXResourcesBuildPhase section */

/* Begin PBXSourcesBuildPhase section */
		3A38D03B2C74D38400D28C5E /* Sources */ = {
			isa = PBXSourcesBuildPhase;
			buildActionMask = 2147483647;
			files = (
				3AD3665B2CC2E9A200287EEA /* StatusViewModel.swift in Sources */,
				3ACB818B2C7947BC008E578F /* EditProfileView.swift in Sources */,
				3A38D0562C74D47800D28C5E /* LoginView.swift in Sources */,
				3A8D8EF82C76139E005B4858 /* SettingsView.swift in Sources */,
				3A8D8F042C7625F8005B4858 /* SettingsCellViewModel.swift in Sources */,
				3A8D8F012C761FF6005B4858 /* SettingsCell.swift in Sources */,
				3AD366592CC2DFF800287EEA /* StatusSelectorView.swift in Sources */,
				3A38D0452C74D38400D28C5E /* ContentView.swift in Sources */,
				3A8D8EFF2C761F23005B4858 /* SettingsHeaderView.swift in Sources */,
				3A8D8EFD2C7613F0005B4858 /* ConversationsView.swift in Sources */,
				3A38D0432C74D38400D28C5E /* SwiftUIChatFirestoreApp.swift in Sources */,
				3A38D0582C74D48D00D28C5E /* RegistrationView.swift in Sources */,
				3A38D05B2C74E7DF00D28C5E /* CustomTextField.swift in Sources */,
				3A8D8EFA2C7613B4005B4858 /* ChatsView.swift in Sources */,
				3A8D8EF22C7611EF005B4858 /* MainTabView.swift in Sources */,
				3A8D8EF62C76137B005B4858 /* ChannelsView.swift in Sources */,
			);
			runOnlyForDeploymentPostprocessing = 0;
		};
/* End PBXSourcesBuildPhase section */

/* Begin XCBuildConfiguration section */
		3A38D04B2C74D38600D28C5E /* Debug */ = {
			isa = XCBuildConfiguration;
			buildSettings = {
				ALWAYS_SEARCH_USER_PATHS = NO;
				ASSETCATALOG_COMPILER_GENERATE_SWIFT_ASSET_SYMBOL_EXTENSIONS = YES;
				CLANG_ANALYZER_NONNULL = YES;
				CLANG_ANALYZER_NUMBER_OBJECT_CONVERSION = YES_AGGRESSIVE;
				CLANG_CXX_LANGUAGE_STANDARD = "gnu++20";
				CLANG_ENABLE_MODULES = YES;
				CLANG_ENABLE_OBJC_ARC = YES;
				CLANG_ENABLE_OBJC_WEAK = YES;
				CLANG_WARN_BLOCK_CAPTURE_AUTORELEASING = YES;
				CLANG_WARN_BOOL_CONVERSION = YES;
				CLANG_WARN_COMMA = YES;
				CLANG_WARN_CONSTANT_CONVERSION = YES;
				CLANG_WARN_DEPRECATED_OBJC_IMPLEMENTATIONS = YES;
				CLANG_WARN_DIRECT_OBJC_ISA_USAGE = YES_ERROR;
				CLANG_WARN_DOCUMENTATION_COMMENTS = YES;
				CLANG_WARN_EMPTY_BODY = YES;
				CLANG_WARN_ENUM_CONVERSION = YES;
				CLANG_WARN_INFINITE_RECURSION = YES;
				CLANG_WARN_INT_CONVERSION = YES;
				CLANG_WARN_NON_LITERAL_NULL_CONVERSION = YES;
				CLANG_WARN_OBJC_IMPLICIT_RETAIN_SELF = YES;
				CLANG_WARN_OBJC_LITERAL_CONVERSION = YES;
				CLANG_WARN_OBJC_ROOT_CLASS = YES_ERROR;
				CLANG_WARN_QUOTED_INCLUDE_IN_FRAMEWORK_HEADER = YES;
				CLANG_WARN_RANGE_LOOP_ANALYSIS = YES;
				CLANG_WARN_STRICT_PROTOTYPES = YES;
				CLANG_WARN_SUSPICIOUS_MOVE = YES;
				CLANG_WARN_UNGUARDED_AVAILABILITY = YES_AGGRESSIVE;
				CLANG_WARN_UNREACHABLE_CODE = YES;
				CLANG_WARN__DUPLICATE_METHOD_MATCH = YES;
				COPY_PHASE_STRIP = NO;
				DEBUG_INFORMATION_FORMAT = dwarf;
				ENABLE_STRICT_OBJC_MSGSEND = YES;
				ENABLE_TESTABILITY = YES;
				ENABLE_USER_SCRIPT_SANDBOXING = YES;
				GCC_C_LANGUAGE_STANDARD = gnu17;
				GCC_DYNAMIC_NO_PIC = NO;
				GCC_NO_COMMON_BLOCKS = YES;
				GCC_OPTIMIZATION_LEVEL = 0;
				GCC_PREPROCESSOR_DEFINITIONS = (
					"DEBUG=1",
					"$(inherited)",
				);
				GCC_WARN_64_TO_32_BIT_CONVERSION = YES;
				GCC_WARN_ABOUT_RETURN_TYPE = YES_ERROR;
				GCC_WARN_UNDECLARED_SELECTOR = YES;
				GCC_WARN_UNINITIALIZED_AUTOS = YES_AGGRESSIVE;
				GCC_WARN_UNUSED_FUNCTION = YES;
				GCC_WARN_UNUSED_VARIABLE = YES;
				IPHONEOS_DEPLOYMENT_TARGET = 17.5;
				LOCALIZATION_PREFERS_STRING_CATALOGS = YES;
				MTL_ENABLE_DEBUG_INFO = INCLUDE_SOURCE;
				MTL_FAST_MATH = YES;
				ONLY_ACTIVE_ARCH = YES;
				SDKROOT = iphoneos;
				SWIFT_ACTIVE_COMPILATION_CONDITIONS = "DEBUG $(inherited)";
				SWIFT_OPTIMIZATION_LEVEL = "-Onone";
			};
			name = Debug;
		};
		3A38D04C2C74D38600D28C5E /* Release */ = {
			isa = XCBuildConfiguration;
			buildSettings = {
				ALWAYS_SEARCH_USER_PATHS = NO;
				ASSETCATALOG_COMPILER_GENERATE_SWIFT_ASSET_SYMBOL_EXTENSIONS = YES;
				CLANG_ANALYZER_NONNULL = YES;
				CLANG_ANALYZER_NUMBER_OBJECT_CONVERSION = YES_AGGRESSIVE;
				CLANG_CXX_LANGUAGE_STANDARD = "gnu++20";
				CLANG_ENABLE_MODULES = YES;
				CLANG_ENABLE_OBJC_ARC = YES;
				CLANG_ENABLE_OBJC_WEAK = YES;
				CLANG_WARN_BLOCK_CAPTURE_AUTORELEASING = YES;
				CLANG_WARN_BOOL_CONVERSION = YES;
				CLANG_WARN_COMMA = YES;
				CLANG_WARN_CONSTANT_CONVERSION = YES;
				CLANG_WARN_DEPRECATED_OBJC_IMPLEMENTATIONS = YES;
				CLANG_WARN_DIRECT_OBJC_ISA_USAGE = YES_ERROR;
				CLANG_WARN_DOCUMENTATION_COMMENTS = YES;
				CLANG_WARN_EMPTY_BODY = YES;
				CLANG_WARN_ENUM_CONVERSION = YES;
				CLANG_WARN_INFINITE_RECURSION = YES;
				CLANG_WARN_INT_CONVERSION = YES;
				CLANG_WARN_NON_LITERAL_NULL_CONVERSION = YES;
				CLANG_WARN_OBJC_IMPLICIT_RETAIN_SELF = YES;
				CLANG_WARN_OBJC_LITERAL_CONVERSION = YES;
				CLANG_WARN_OBJC_ROOT_CLASS = YES_ERROR;
				CLANG_WARN_QUOTED_INCLUDE_IN_FRAMEWORK_HEADER = YES;
				CLANG_WARN_RANGE_LOOP_ANALYSIS = YES;
				CLANG_WARN_STRICT_PROTOTYPES = YES;
				CLANG_WARN_SUSPICIOUS_MOVE = YES;
				CLANG_WARN_UNGUARDED_AVAILABILITY = YES_AGGRESSIVE;
				CLANG_WARN_UNREACHABLE_CODE = YES;
				CLANG_WARN__DUPLICATE_METHOD_MATCH = YES;
				COPY_PHASE_STRIP = NO;
				DEBUG_INFORMATION_FORMAT = "dwarf-with-dsym";
				ENABLE_NS_ASSERTIONS = NO;
				ENABLE_STRICT_OBJC_MSGSEND = YES;
				ENABLE_USER_SCRIPT_SANDBOXING = YES;
				GCC_C_LANGUAGE_STANDARD = gnu17;
				GCC_NO_COMMON_BLOCKS = YES;
				GCC_WARN_64_TO_32_BIT_CONVERSION = YES;
				GCC_WARN_ABOUT_RETURN_TYPE = YES_ERROR;
				GCC_WARN_UNDECLARED_SELECTOR = YES;
				GCC_WARN_UNINITIALIZED_AUTOS = YES_AGGRESSIVE;
				GCC_WARN_UNUSED_FUNCTION = YES;
				GCC_WARN_UNUSED_VARIABLE = YES;
				IPHONEOS_DEPLOYMENT_TARGET = 17.5;
				LOCALIZATION_PREFERS_STRING_CATALOGS = YES;
				MTL_ENABLE_DEBUG_INFO = NO;
				MTL_FAST_MATH = YES;
				SDKROOT = iphoneos;
				SWIFT_COMPILATION_MODE = wholemodule;
				VALIDATE_PRODUCT = YES;
			};
			name = Release;
		};
		3A38D04E2C74D38600D28C5E /* Debug */ = {
			isa = XCBuildConfiguration;
			buildSettings = {
				ASSETCATALOG_COMPILER_APPICON_NAME = AppIcon;
				ASSETCATALOG_COMPILER_GLOBAL_ACCENT_COLOR_NAME = AccentColor;
				CODE_SIGN_STYLE = Automatic;
				CURRENT_PROJECT_VERSION = 1;
				DEVELOPMENT_ASSET_PATHS = "\"SwiftUIChatFirestore/Preview Content\"";
				ENABLE_PREVIEWS = YES;
				GENERATE_INFOPLIST_FILE = YES;
				INFOPLIST_KEY_UIApplicationSceneManifest_Generation = YES;
				INFOPLIST_KEY_UIApplicationSupportsIndirectInputEvents = YES;
				INFOPLIST_KEY_UILaunchScreen_Generation = YES;
				INFOPLIST_KEY_UISupportedInterfaceOrientations_iPad = "UIInterfaceOrientationPortrait UIInterfaceOrientationPortraitUpsideDown UIInterfaceOrientationLandscapeLeft UIInterfaceOrientationLandscapeRight";
				INFOPLIST_KEY_UISupportedInterfaceOrientations_iPhone = "UIInterfaceOrientationPortrait UIInterfaceOrientationLandscapeLeft UIInterfaceOrientationLandscapeRight";
				LD_RUNPATH_SEARCH_PATHS = (
					"$(inherited)",
					"@executable_path/Frameworks",
				);
				MARKETING_VERSION = 1.0;
				PRODUCT_BUNDLE_IDENTIFIER = br.com.sumpaulo.SwiftUIChatFirestore;
				PRODUCT_NAME = "$(TARGET_NAME)";
				SWIFT_EMIT_LOC_STRINGS = YES;
				SWIFT_VERSION = 5.0;
				TARGETED_DEVICE_FAMILY = "1,2";
			};
			name = Debug;
		};
		3A38D04F2C74D38600D28C5E /* Release */ = {
			isa = XCBuildConfiguration;
			buildSettings = {
				ASSETCATALOG_COMPILER_APPICON_NAME = AppIcon;
				ASSETCATALOG_COMPILER_GLOBAL_ACCENT_COLOR_NAME = AccentColor;
				CODE_SIGN_STYLE = Automatic;
				CURRENT_PROJECT_VERSION = 1;
				DEVELOPMENT_ASSET_PATHS = "\"SwiftUIChatFirestore/Preview Content\"";
				ENABLE_PREVIEWS = YES;
				GENERATE_INFOPLIST_FILE = YES;
				INFOPLIST_KEY_UIApplicationSceneManifest_Generation = YES;
				INFOPLIST_KEY_UIApplicationSupportsIndirectInputEvents = YES;
				INFOPLIST_KEY_UILaunchScreen_Generation = YES;
				INFOPLIST_KEY_UISupportedInterfaceOrientations_iPad = "UIInterfaceOrientationPortrait UIInterfaceOrientationPortraitUpsideDown UIInterfaceOrientationLandscapeLeft UIInterfaceOrientationLandscapeRight";
				INFOPLIST_KEY_UISupportedInterfaceOrientations_iPhone = "UIInterfaceOrientationPortrait UIInterfaceOrientationLandscapeLeft UIInterfaceOrientationLandscapeRight";
				LD_RUNPATH_SEARCH_PATHS = (
					"$(inherited)",
					"@executable_path/Frameworks",
				);
				MARKETING_VERSION = 1.0;
				PRODUCT_BUNDLE_IDENTIFIER = br.com.sumpaulo.SwiftUIChatFirestore;
				PRODUCT_NAME = "$(TARGET_NAME)";
				SWIFT_EMIT_LOC_STRINGS = YES;
				SWIFT_VERSION = 5.0;
				TARGETED_DEVICE_FAMILY = "1,2";
			};
			name = Release;
		};
/* End XCBuildConfiguration section */

/* Begin XCConfigurationList section */
		3A38D03A2C74D38400D28C5E /* Build configuration list for PBXProject "SwiftUIChatFirestore" */ = {
			isa = XCConfigurationList;
			buildConfigurations = (
				3A38D04B2C74D38600D28C5E /* Debug */,
				3A38D04C2C74D38600D28C5E /* Release */,
			);
			defaultConfigurationIsVisible = 0;
			defaultConfigurationName = Release;
		};
		3A38D04D2C74D38600D28C5E /* Build configuration list for PBXNativeTarget "SwiftUIChatFirestore" */ = {
			isa = XCConfigurationList;
			buildConfigurations = (
				3A38D04E2C74D38600D28C5E /* Debug */,
				3A38D04F2C74D38600D28C5E /* Release */,
			);
			defaultConfigurationIsVisible = 0;
			defaultConfigurationName = Release;
		};
/* End XCConfigurationList section */
	};
	rootObject = 3A38D0372C74D38400D28C5E /* Project object */;
}
